
Microsoft Visual Studio Solution File, Format Version 12.00
# Visual Studio Version 17
VisualStudioVersion = 17.14.36202.13 d17.14
MinimumVisualStudioVersion = 10.0.40219.1
Project("{FAE04EC0-301F-11D3-BF4B-00C04F79EFBC}") = "Heap", "Heap\Heap.csproj", "{4947BD04-D085-42A2-8164-A1034F45FBFF}"
EndProject
Global
	GlobalSection(SolutionConfigurationPlatforms) = preSolution
		Debug|Any CPU = Debug|Any CPU
		Release|Any CPU = Release|Any CPU
	EndGlobalSection
	GlobalSection(ProjectConfigurationPlatforms) = postSolution
		{4947BD04-D085-42A2-8164-A1034F45FBFF}.Debug|Any CPU.ActiveCfg = Debug|Any CPU
		{4947BD04-D085-42A2-8164-A1034F45FBFF}.Debug|Any CPU.Build.0 = Debug|Any CPU
		{4947BD04-D085-42A2-8164-A1034F45FBFF}.Release|Any CPU.ActiveCfg = Release|Any CPU
		{4947BD04-D085-42A2-8164-A1034F45FBFF}.Release|Any CPU.Build.0 = Release|Any CPU
	EndGlobalSection
	GlobalSection(SolutionProperties) = preSolution
		HideSolutionNode = FALSE
	EndGlobalSection
	GlobalSection(ExtensibilityGlobals) = postSolution
		SolutionGuid = {59469BE4-E04C-4E21-859C-8710040B1A71}
	EndGlobalSection
EndGlobal
